
Microsoft Visual Studio Solution File, Format Version 12.00
# Visual Studio Version 16
VisualStudioVersion = 16.0.31729.503
MinimumVisualStudioVersion = 10.0.40219.1
Project("{9A19103F-16F7-4668-BE54-9A1E7A4F7556}") = "ChatBotServer", "ChatBotServer\ChatBotServer.csproj", "{27695B55-5455-4134-9BCB-C83DD1532D91}"
EndProject
Project("{2150E333-8FDC-42A3-9474-1A3956D46DE8}") = "Solution Items", "Solution Items", "{5C3B6D3E-C6FA-448D-9883-A5F4036C5B67}"
	ProjectSection(SolutionItems) = preProject
		Assigment.txt = Assigment.txt
	EndProjectSection
EndProject
Project("{9A19103F-16F7-4668-BE54-9A1E7A4F7556}") = "ChatBotClient", "ChatBotClient\ChatBotClient.csproj", "{B2C404CA-8B68-4C64-8E14-614D146E30D2}"
EndProject
Global
	GlobalSection(SolutionConfigurationPlatforms) = preSolution
		Debug|Any CPU = Debug|Any CPU
		Release|Any CPU = Release|Any CPU
	EndGlobalSection
	GlobalSection(ProjectConfigurationPlatforms) = postSolution
		{27695B55-5455-4134-9BCB-C83DD1532D91}.Debug|Any CPU.ActiveCfg = Debug|Any CPU
		{27695B55-5455-4134-9BCB-C83DD1532D91}.Debug|Any CPU.Build.0 = Debug|Any CPU
		{27695B55-5455-4134-9BCB-C83DD1532D91}.Release|Any CPU.ActiveCfg = Release|Any CPU
		{27695B55-5455-4134-9BCB-C83DD1532D91}.Release|Any CPU.Build.0 = Release|Any CPU
		{B2C404CA-8B68-4C64-8E14-614D146E30D2}.Debug|Any CPU.ActiveCfg = Debug|Any CPU
		{B2C404CA-8B68-4C64-8E14-614D146E30D2}.Debug|Any CPU.Build.0 = Debug|Any CPU
		{B2C404CA-8B68-4C64-8E14-614D146E30D2}.Release|Any CPU.ActiveCfg = Release|Any CPU
		{B2C404CA-8B68-4C64-8E14-614D146E30D2}.Release|Any CPU.Build.0 = Release|Any CPU
	EndGlobalSection
	GlobalSection(SolutionProperties) = preSolution
		HideSolutionNode = FALSE
	EndGlobalSection
	GlobalSection(ExtensibilityGlobals) = postSolution
		SolutionGuid = {33B84E96-ADD4-458C-813B-F132C0C0EC88}
	EndGlobalSection
EndGlobal
